
Microsoft Visual Studio Solution File, Format Version 12.00
# Visual Studio Version 16
VisualStudioVersion = 16.0.29409.12
MinimumVisualStudioVersion = 10.0.40219.1
Project("{8BC9CEB8-8B4A-11D0-8D11-00A0C91BC942}") = "HW2-1", "HW2-1.vcxproj", "{D2D1E5AB-F0D0-4665-859B-075EB28017FB}"
EndProject
Global
	GlobalSection(SolutionConfigurationPlatforms) = preSolution
		Debug|x64 = Debug|x64
		Debug|x86 = Debug|x86
		Release|x64 = Release|x64
		Release|x86 = Release|x86
	EndGlobalSection
	GlobalSection(ProjectConfigurationPlatforms) = postSolution
		{D2D1E5AB-F0D0-4665-859B-075EB28017FB}.Debug|x64.ActiveCfg = Debug|x64
		{D2D1E5AB-F0D0-4665-859B-075EB28017FB}.Debug|x64.Build.0 = Debug|x64
		{D2D1E5AB-F0D0-4665-859B-075EB28017FB}.Debug|x86.ActiveCfg = Debug|Win32
		{D2D1E5AB-F0D0-4665-859B-075EB28017FB}.Debug|x86.Build.0 = Debug|Win32
		{D2D1E5AB-F0D0-4665-859B-075EB28017FB}.Release|x64.ActiveCfg = Release|x64
		{D2D1E5AB-F0D0-4665-859B-075EB28017FB}.Release|x64.Build.0 = Release|x64
		{D2D1E5AB-F0D0-4665-859B-075EB28017FB}.Release|x86.ActiveCfg = Release|Win32
		{D2D1E5AB-F0D0-4665-859B-075EB28017FB}.Release|x86.Build.0 = Release|Win32
	EndGlobalSection
	GlobalSection(SolutionProperties) = preSolution
		HideSolutionNode = FALSE
	EndGlobalSection
	GlobalSection(ExtensibilityGlobals) = postSolution
		SolutionGuid = {D06AEB4F-2664-498A-8B27-F959B3A3FE80}
	EndGlobalSection
EndGlobal
